// !$*UTF8*$!
{
	archiveVersion = 1;
	classes = {
	};
	objectVersion = 46;
	objects = {

/* Begin PBXBuildFile section */
		046DD3561C4E2FF80083A375 /* main.m in Sources */ = {isa = PBXBuildFile; fileRef = 046DD3551C4E2FF80083A375 /* main.m */; };
		046DD3591C4E2FF80083A375 /* AppDelegate.m in Sources */ = {isa = PBXBuildFile; fileRef = 046DD3581C4E2FF80083A375 /* AppDelegate.m */; };
		046DD35C1C4E2FF80083A375 /* ViewController.m in Sources */ = {isa = PBXBuildFile; fileRef = 046DD35B1C4E2FF80083A375 /* ViewController.m */; };
		046DD3611C4E2FF80083A375 /* Assets.xcassets in Resources */ = {isa = PBXBuildFile; fileRef = 046DD3601C4E2FF80083A375 /* Assets.xcassets */; };
		046DD3641C4E2FF80083A375 /* LaunchScreen.storyboard in Resources */ = {isa = PBXBuildFile; fileRef = 046DD3621C4E2FF80083A375 /* LaunchScreen.storyboard */; };
		046DD36F1C4E2FF80083A375 /* _UILabel_________2Tests.m in Sources */ = {isa = PBXBuildFile; fileRef = 046DD36E1C4E2FF80083A375 /* _UILabel_________2Tests.m */; };
		046DD37A1C4E2FF90083A375 /* _UILabel_________2UITests.m in Sources */ = {isa = PBXBuildFile; fileRef = 046DD3791C4E2FF90083A375 /* _UILabel_________2UITests.m */; };
		046DD3891C4E31D40083A375 /* StringItem.m in Sources */ = {isa = PBXBuildFile; fileRef = 046DD3881C4E31D40083A375 /* StringItem.m */; };
/* End PBXBuildFile section */

/* Begin PBXContainerItemProxy section */
		046DD36B1C4E2FF80083A375 /* PBXContainerItemProxy */ = {
			isa = PBXContainerItemProxy;
			containerPortal = 046DD3491C4E2FF80083A375 /* Project object */;
			proxyType = 1;
			remoteGlobalIDString = 046DD3501C4E2FF80083A375;
			remoteInfo = "纯UILabel实现文字的竖排显示2";
		};
		046DD3761C4E2FF90083A375 /* PBXContainerItemProxy */ = {
			isa = PBXContainerItemProxy;
			containerPortal = 046DD3491C4E2FF80083A375 /* Project object */;
			proxyType = 1;
			remoteGlobalIDString = 046DD3501C4E2FF80083A375;
			remoteInfo = "纯UILabel实现文字的竖排显示2";
		};
/* End PBXContainerItemProxy section */

/* Begin PBXFileReference section */
		046DD3511C4E2FF80083A375 /* 纯UILabel实现文字的竖排显示2.app */ = {isa = PBXFileReference; explicitFileType = wrapper.application; includeInIndex = 0; path = "纯UILabel实现文字的竖排显示2.app"; sourceTree = BUILT_PRODUCTS_DIR; };
		046DD3551C4E2FF80083A375 /* main.m */ = {isa = PBXFileReference; lastKnownFileType = sourcecode.c.objc; path = main.m; sourceTree = "<group>"; };
		046DD3571C4E2FF80083A375 /* AppDelegate.h */ = {isa = PBXFileReference; lastKnownFileType = sourcecode.c.h; path = AppDelegate.h; sourceTree = "<group>"; };
		046DD3581C4E2FF80083A375 /* AppDelegate.m */ = {isa = PBXFileReference; lastKnownFileType = sourcecode.c.objc; path = AppDelegate.m; sourceTree = "<group>"; };
		046DD35A1C4E2FF80083A375 /* ViewController.h */ = {isa = PBXFileReference; lastKnownFileType = sourcecode.c.h; path = ViewController.h; sourceTree = "<group>"; };
		046DD35B1C4E2FF80083A375 /* ViewController.m */ = {isa = PBXFileReference; lastKnownFileType = sourcecode.c.objc; path = ViewController.m; sourceTree = "<group>"; };
		046DD3601C4E2FF80083A375 /* Assets.xcassets */ = {isa = PBXFileReference; lastKnownFileType = folder.assetcatalog; path = Assets.xcassets; sourceTree = "<group>"; };
		046DD3631C4E2FF80083A375 /* Base */ = {isa = PBXFileReference; lastKnownFileType = file.storyboard; name = Base; path = Base.lproj/LaunchScreen.storyboard; sourceTree = "<group>"; };
		046DD3651C4E2FF80083A375 /* Info.plist */ = {isa = PBXFileReference; lastKnownFileType = text.plist.xml; path = Info.plist; sourceTree = "<group>"; };
		046DD36A1C4E2FF80083A375 /* 纯UILabel实现文字的竖排显示2Tests.xctest */ = {isa = PBXFileReference; explicitFileType = wrapper.cfbundle; includeInIndex = 0; path = "纯UILabel实现文字的竖排显示2Tests.xctest"; sourceTree = BUILT_PRODUCTS_DIR; };
		046DD36E1C4E2FF80083A375 /* _UILabel_________2Tests.m */ = {isa = PBXFileReference; lastKnownFileType = sourcecode.c.objc; path = "_UILabel_________2Tests.m"; sourceTree = "<group>"; };
		046DD3701C4E2FF80083A375 /* Info.plist */ = {isa = PBXFileReference; lastKnownFileType = text.plist.xml; path = Info.plist; sourceTree = "<group>"; };
		046DD3751C4E2FF90083A375 /* 纯UILabel实现文字的竖排显示2UITests.xctest */ = {isa = PBXFileReference; explicitFileType = wrapper.cfbundle; includeInIndex = 0; path = "纯UILabel实现文字的竖排显示2UITests.xctest"; sourceTree = BUILT_PRODUCTS_DIR; };
		046DD3791C4E2FF90083A375 /* _UILabel_________2UITests.m */ = {isa = PBXFileReference; lastKnownFileType = sourcecode.c.objc; path = "_UILabel_________2UITests.m"; sourceTree = "<group>"; };
		046DD37B1C4E2FF90083A375 /* Info.plist */ = {isa = PBXFileReference; lastKnownFileType = text.plist.xml; path = Info.plist; sourceTree = "<group>"; };
		046DD3871C4E31D40083A375 /* StringItem.h */ = {isa = PBXFileReference; fileEncoding = 4; lastKnownFileType = sourcecode.c.h; path = StringItem.h; sourceTree = "<group>"; };
		046DD3881C4E31D40083A375 /* StringItem.m */ = {isa = PBXFileReference; fileEncoding = 4; lastKnownFileType = sourcecode.c.objc; path = StringItem.m; sourceTree = "<group>"; };
/* End PBXFileReference section */

/* Begin PBXFrameworksBuildPhase section */
		046DD34E1C4E2FF80083A375 /* Frameworks */ = {
			isa = PBXFrameworksBuildPhase;
			buildActionMask = 2147483647;
			files = (
			);
			runOnlyForDeploymentPostprocessing = 0;
		};
		046DD3671C4E2FF80083A375 /* Frameworks */ = {
			isa = PBXFrameworksBuildPhase;
			buildActionMask = 2147483647;
			files = (
			);
			runOnlyForDeploymentPostprocessing = 0;
		};
		046DD3721C4E2FF90083A375 /* Frameworks */ = {
			isa = PBXFrameworksBuildPhase;
			buildActionMask = 2147483647;
			files = (
			);
			runOnlyForDeploymentPostprocessing = 0;
		};
/* End PBXFrameworksBuildPhase section */

/* Begin PBXGroup section */
		046DD3481C4E2FF80083A375 = {
			isa = PBXGroup;
			children = (
				046DD3531C4E2FF80083A375 /* 纯UILabel实现文字的竖排显示2 */,
				046DD36D1C4E2FF80083A375 /* 纯UILabel实现文字的竖排显示2Tests */,
				046DD3781C4E2FF90083A375 /* 纯UILabel实现文字的竖排显示2UITests */,
				046DD3521C4E2FF80083A375 /* Products */,
			);
			sourceTree = "<group>";
		};
		046DD3521C4E2FF80083A375 /* Products */ = {
			isa = PBXGroup;
			children = (
				046DD3511C4E2FF80083A375 /* 纯UILabel实现文字的竖排显示2.app */,
				046DD36A1C4E2FF80083A375 /* 纯UILabel实现文字的竖排显示2Tests.xctest */,
				046DD3751C4E2FF90083A375 /* 纯UILabel实现文字的竖排显示2UITests.xctest */,
			);
			name = Products;
			sourceTree = "<group>";
		};
		046DD3531C4E2FF80083A375 /* 纯UILabel实现文字的竖排显示2 */ = {
			isa = PBXGroup;
			children = (
				046DD3571C4E2FF80083A375 /* AppDelegate.h */,
				046DD3581C4E2FF80083A375 /* AppDelegate.m */,
				046DD35A1C4E2FF80083A375 /* ViewController.h */,
				046DD35B1C4E2FF80083A375 /* ViewController.m */,
				046DD3871C4E31D40083A375 /* StringItem.h */,
				046DD3881C4E31D40083A375 /* StringItem.m */,
				046DD3601C4E2FF80083A375 /* Assets.xcassets */,
				046DD3621C4E2FF80083A375 /* LaunchScreen.storyboard */,
				046DD3651C4E2FF80083A375 /* Info.plist */,
				046DD3541C4E2FF80083A375 /* Supporting Files */,
			);
			path = "纯UILabel实现文字的竖排显示2";
			sourceTree = "<group>";
		};
		046DD3541C4E2FF80083A375 /* Supporting Files */ = {
			isa = PBXGroup;
			children = (
				046DD3551C4E2FF80083A375 /* main.m */,
			);
			name = "Supporting Files";
			sourceTree = "<group>";
		};
		046DD36D1C4E2FF80083A375 /* 纯UILabel实现文字的竖排显示2Tests */ = {
			isa = PBXGroup;
			children = (
				046DD36E1C4E2FF80083A375 /* _UILabel_________2Tests.m */,
				046DD3701C4E2FF80083A375 /* Info.plist */,
			);
			path = "纯UILabel实现文字的竖排显示2Tests";
			sourceTree = "<group>";
		};
		046DD3781C4E2FF90083A375 /* 纯UILabel实现文字的竖排显示2UITests */ = {
			isa = PBXGroup;
			children = (
				046DD3791C4E2FF90083A375 /* _UILabel_________2UITests.m */,
				046DD37B1C4E2FF90083A375 /* Info.plist */,
			);
			path = "纯UILabel实现文字的竖排显示2UITests";
			sourceTree = "<group>";
		};
/* End PBXGroup section */

/* Begin PBXNativeTarget section */
		046DD3501C4E2FF80083A375 /* 纯UILabel实现文字的竖排显示2 */ = {
			isa = PBXNativeTarget;
			buildConfigurationList = 046DD37E1C4E2FF90083A375 /* Build configuration list for PBXNativeTarget "纯UILabel实现文字的竖排显示2" */;
			buildPhases = (
				046DD34D1C4E2FF80083A375 /* Sources */,
				046DD34E1C4E2FF80083A375 /* Frameworks */,
				046DD34F1C4E2FF80083A375 /* Resources */,
			);
			buildRules = (
			);
			dependencies = (
			);
			name = "纯UILabel实现文字的竖排显示2";
			productName = "纯UILabel实现文字的竖排显示2";
			productReference = 046DD3511C4E2FF80083A375 /* 纯UILabel实现文字的竖排显示2.app */;
			productType = "com.apple.product-type.application";
		};
		046DD3691C4E2FF80083A375 /* 纯UILabel实现文字的竖排显示2Tests */ = {
			isa = PBXNativeTarget;
			buildConfigurationList = 046DD3811C4E2FF90083A375 /* Build configuration list for PBXNativeTarget "纯UILabel实现文字的竖排显示2Tests" */;
			buildPhases = (
				046DD3661C4E2FF80083A375 /* Sources */,
				046DD3671C4E2FF80083A375 /* Frameworks */,
				046DD3681C4E2FF80083A375 /* Resources */,
			);
			buildRules = (
			);
			dependencies = (
				046DD36C1C4E2FF80083A375 /* PBXTargetDependency */,
			);
			name = "纯UILabel实现文字的竖排显示2Tests";
			productName = "纯UILabel实现文字的竖排显示2Tests";
			productReference = 046DD36A1C4E2FF80083A375 /* 纯UILabel实现文字的竖排显示2Tests.xctest */;
			productType = "com.apple.product-type.bundle.unit-test";
		};
		046DD3741C4E2FF90083A375 /* 纯UILabel实现文字的竖排显示2UITests */ = {
			isa = PBXNativeTarget;
			buildConfigurationList = 046DD3841C4E2FF90083A375 /* Build configuration list for PBXNativeTarget "纯UILabel实现文字的竖排显示2UITests" */;
			buildPhases = (
				046DD3711C4E2FF90083A375 /* Sources */,
				046DD3721C4E2FF90083A375 /* Frameworks */,
				046DD3731C4E2FF90083A375 /* Resources */,
			);
			buildRules = (
			);
			dependencies = (
				046DD3771C4E2FF90083A375 /* PBXTargetDependency */,
			);
			name = "纯UILabel实现文字的竖排显示2UITests";
			productName = "纯UILabel实现文字的竖排显示2UITests";
			productReference = 046DD3751C4E2FF90083A375 /* 纯UILabel实现文字的竖排显示2UITests.xctest */;
			productType = "com.apple.product-type.bundle.ui-testing";
		};
/* End PBXNativeTarget section */

/* Begin PBXProject section */
		046DD3491C4E2FF80083A375 /* Project object */ = {
			isa = PBXProject;
			attributes = {
				LastUpgradeCheck = 0720;
				ORGANIZATIONNAME = lu;
				TargetAttributes = {
					046DD3501C4E2FF80083A375 = {
						CreatedOnToolsVersion = 7.2;
					};
					046DD3691C4E2FF80083A375 = {
						CreatedOnToolsVersion = 7.2;
						TestTargetID = 046DD3501C4E2FF80083A375;
					};
					046DD3741C4E2FF90083A375 = {
						CreatedOnToolsVersion = 7.2;
						TestTargetID = 046DD3501C4E2FF80083A375;
					};
				};
			};
			buildConfigurationList = 046DD34C1C4E2FF80083A375 /* Build configuration list for PBXProject "纯UILabel实现文字的竖排显示2" */;
			compatibilityVersion = "Xcode 3.2";
			developmentRegion = English;
			hasScannedForEncodings = 0;
			knownRegions = (
				en,
				Base,
			);
			mainGroup = 046DD3481C4E2FF80083A375;
			productRefGroup = 046DD3521C4E2FF80083A375 /* Products */;
			projectDirPath = "";
			projectRoot = "";
			targets = (
				046DD3501C4E2FF80083A375 /* 纯UILabel实现文字的竖排显示2 */,
				046DD3691C4E2FF80083A375 /* 纯UILabel实现文字的竖排显示2Tests */,
				046DD3741C4E2FF90083A375 /* 纯UILabel实现文字的竖排显示2UITests */,
			);
		};
/* End PBXProject section */

/* Begin PBXResourcesBuildPhase section */
		046DD34F1C4E2FF80083A375 /* Resources */ = {
			isa = PBXResourcesBuildPhase;
			buildActionMask = 2147483647;
			files = (
				046DD3641C4E2FF80083A375 /* LaunchScreen.storyboard in Resources */,
				046DD3611C4E2FF80083A375 /* Assets.xcassets in Resources */,
			);
			runOnlyForDeploymentPostprocessing = 0;
		};
		046DD3681C4E2FF80083A375 /* Resources */ = {
			isa = PBXResourcesBuildPhase;
			buildActionMask = 2147483647;
			files = (
			);
			runOnlyForDeploymentPostprocessing = 0;
		};
		046DD3731C4E2FF90083A375 /* Resources */ = {
			isa = PBXResourcesBuildPhase;
			buildActionMask = 2147483647;
			files = (
			);
			runOnlyForDeploymentPostprocessing = 0;
		};
/* End PBXResourcesBuildPhase section */

/* Begin PBXSourcesBuildPhase section */
		046DD34D1C4E2FF80083A375 /* Sources */ = {
			isa = PBXSourcesBuildPhase;
			buildActionMask = 2147483647;
			files = (
				046DD35C1C4E2FF80083A375 /* ViewController.m in Sources */,
				046DD3891C4E31D40083A375 /* StringItem.m in Sources */,
				046DD3591C4E2FF80083A375 /* AppDelegate.m in Sources */,
				046DD3561C4E2FF80083A375 /* main.m in Sources */,
			);
			runOnlyForDeploymentPostprocessing = 0;
		};
		046DD3661C4E2FF80083A375 /* Sources */ = {
			isa = PBXSourcesBuildPhase;
			buildActionMask = 2147483647;
			files = (
				046DD36F1C4E2FF80083A375 /* _UILabel_________2Tests.m in Sources */,
			);
			runOnlyForDeploymentPostprocessing = 0;
		};
		046DD3711C4E2FF90083A375 /* Sources */ = {
			isa = PBXSourcesBuildPhase;
			buildActionMask = 2147483647;
			files = (
				046DD37A1C4E2FF90083A375 /* _UILabel_________2UITests.m in Sources */,
			);
			runOnlyForDeploymentPostprocessing = 0;
		};
/* End PBXSourcesBuildPhase section */

/* Begin PBXTargetDependency section */
		046DD36C1C4E2FF80083A375 /* PBXTargetDependency */ = {
			isa = PBXTargetDependency;
			target = 046DD3501C4E2FF80083A375 /* 纯UILabel实现文字的竖排显示2 */;
			targetProxy = 046DD36B1C4E2FF80083A375 /* PBXContainerItemProxy */;
		};
		046DD3771C4E2FF90083A375 /* PBXTargetDependency */ = {
			isa = PBXTargetDependency;
			target = 046DD3501C4E2FF80083A375 /* 纯UILabel实现文字的竖排显示2 */;
			targetProxy = 046DD3761C4E2FF90083A375 /* PBXContainerItemProxy */;
		};
/* End PBXTargetDependency section */

/* Begin PBXVariantGroup section */
		046DD3621C4E2FF80083A375 /* LaunchScreen.storyboard */ = {
			isa = PBXVariantGroup;
			children = (
				046DD3631C4E2FF80083A375 /* Base */,
			);
			name = LaunchScreen.storyboard;
			sourceTree = "<group>";
		};
/* End PBXVariantGroup section */

/* Begin XCBuildConfiguration section */
		046DD37C1C4E2FF90083A375 /* Debug */ = {
			isa = XCBuildConfiguration;
			buildSettings = {
				ALWAYS_SEARCH_USER_PATHS = NO;
				CLANG_CXX_LANGUAGE_STANDARD = "gnu++0x";
				CLANG_CXX_LIBRARY = "libc++";
				CLANG_ENABLE_MODULES = YES;
				CLANG_ENABLE_OBJC_ARC = YES;
				CLANG_WARN_BOOL_CONVERSION = YES;
				CLANG_WARN_CONSTANT_CONVERSION = YES;
				CLANG_WARN_DIRECT_OBJC_ISA_USAGE = YES_ERROR;
				CLANG_WARN_EMPTY_BODY = YES;
				CLANG_WARN_ENUM_CONVERSION = YES;
				CLANG_WARN_INT_CONVERSION = YES;
				CLANG_WARN_OBJC_ROOT_CLASS = YES_ERROR;
				CLANG_WARN_UNREACHABLE_CODE = YES;
				CLANG_WARN__DUPLICATE_METHOD_MATCH = YES;
				"CODE_SIGN_IDENTITY[sdk=iphoneos*]" = "iPhone Developer";
				COPY_PHASE_STRIP = NO;
				DEBUG_INFORMATION_FORMAT = dwarf;
				ENABLE_STRICT_OBJC_MSGSEND = YES;
				ENABLE_TESTABILITY = YES;
				GCC_C_LANGUAGE_STANDARD = gnu99;
				GCC_DYNAMIC_NO_PIC = NO;
				GCC_NO_COMMON_BLOCKS = YES;
				GCC_OPTIMIZATION_LEVEL = 0;
				GCC_PREPROCESSOR_DEFINITIONS = (
					"DEBUG=1",
					"$(inherited)",
				);
				GCC_WARN_64_TO_32_BIT_CONVERSION = YES;
				GCC_WARN_ABOUT_RETURN_TYPE = YES_ERROR;
				GCC_WARN_UNDECLARED_SELECTOR = YES;
				GCC_WARN_UNINITIALIZED_AUTOS = YES_AGGRESSIVE;
				GCC_WARN_UNUSED_FUNCTION = YES;
				GCC_WARN_UNUSED_VARIABLE = YES;
				IPHONEOS_DEPLOYMENT_TARGET = 9.2;
				MTL_ENABLE_DEBUG_INFO = YES;
				ONLY_ACTIVE_ARCH = YES;
				SDKROOT = iphoneos;
			};
			name = Debug;
		};
		046DD37D1C4E2FF90083A375 /* Release */ = {
			isa = XCBuildConfiguration;
			buildSettings = {
				ALWAYS_SEARCH_USER_PATHS = NO;
				CLANG_CXX_LANGUAGE_STANDARD = "gnu++0x";
				CLANG_CXX_LIBRARY = "libc++";
				CLANG_ENABLE_MODULES = YES;
				CLANG_ENABLE_OBJC_ARC = YES;
				CLANG_WARN_BOOL_CONVERSION = YES;
				CLANG_WARN_CONSTANT_CONVERSION = YES;
				CLANG_WARN_DIRECT_OBJC_ISA_USAGE = YES_ERROR;
				CLANG_WARN_EMPTY_BODY = YES;
				CLANG_WARN_ENUM_CONVERSION = YES;
				CLANG_WARN_INT_CONVERSION = YES;
				CLANG_WARN_OBJC_ROOT_CLASS = YES_ERROR;
				CLANG_WARN_UNREACHABLE_CODE = YES;
				CLANG_WARN__DUPLICATE_METHOD_MATCH = YES;
				"CODE_SIGN_IDENTITY[sdk=iphoneos*]" = "iPhone Developer";
				COPY_PHASE_STRIP = NO;
				DEBUG_INFORMATION_FORMAT = "dwarf-with-dsym";
				ENABLE_NS_ASSERTIONS = NO;
				ENABLE_STRICT_OBJC_MSGSEND = YES;
				GCC_C_LANGUAGE_STANDARD = gnu99;
				GCC_NO_COMMON_BLOCKS = YES;
				GCC_WARN_64_TO_32_BIT_CONVERSION = YES;
				GCC_WARN_ABOUT_RETURN_TYPE = YES_ERROR;
				GCC_WARN_UNDECLARED_SELECTOR = YES;
				GCC_WARN_UNINITIALIZED_AUTOS = YES_AGGRESSIVE;
				GCC_WARN_UNUSED_FUNCTION = YES;
				GCC_WARN_UNUSED_VARIABLE = YES;
				IPHONEOS_DEPLOYMENT_TARGET = 9.2;
				MTL_ENABLE_DEBUG_INFO = NO;
				SDKROOT = iphoneos;
				VALIDATE_PRODUCT = YES;
			};
			name = Release;
		};
		046DD37F1C4E2FF90083A375 /* Debug */ = {
			isa = XCBuildConfiguration;
			buildSettings = {
				ASSETCATALOG_COMPILER_APPICON_NAME = AppIcon;
				INFOPLIST_FILE = "纯UILabel实现文字的竖排显示2/Info.plist";
				LD_RUNPATH_SEARCH_PATHS = "$(inherited) @executable_path/Frameworks";
				PRODUCT_BUNDLE_IDENTIFIER = "com.Lidalu.-UILabel---------2";
				PRODUCT_NAME = "$(TARGET_NAME)";
			};
			name = Debug;
		};
		046DD3801C4E2FF90083A375 /* Release */ = {
			isa = XCBuildConfiguration;
			buildSettings = {
				ASSETCATALOG_COMPILER_APPICON_NAME = AppIcon;
				INFOPLIST_FILE = "纯UILabel实现文字的竖排显示2/Info.plist";
				LD_RUNPATH_SEARCH_PATHS = "$(inherited) @executable_path/Frameworks";
				PRODUCT_BUNDLE_IDENTIFIER = "com.Lidalu.-UILabel---------2";
				PRODUCT_NAME = "$(TARGET_NAME)";
			};
			name = Release;
		};
		046DD3821C4E2FF90083A375 /* Debug */ = {
			isa = XCBuildConfiguration;
			buildSettings = {
				BUNDLE_LOADER = "$(TEST_HOST)";
				INFOPLIST_FILE = "纯UILabel实现文字的竖排显示2Tests/Info.plist";
				LD_RUNPATH_SEARCH_PATHS = "$(inherited) @executable_path/Frameworks @loader_path/Frameworks";
				PRODUCT_BUNDLE_IDENTIFIER = "com.Lidalu.-UILabel---------2Tests";
				PRODUCT_NAME = "$(TARGET_NAME)";
				TEST_HOST = "$(BUILT_PRODUCTS_DIR)/纯UILabel实现文字的竖排显示2.app/纯UILabel实现文字的竖排显示2";
			};
			name = Debug;
		};
		046DD3831C4E2FF90083A375 /* Release */ = {
			isa = XCBuildConfiguration;
			buildSettings = {
				BUNDLE_LOADER = "$(TEST_HOST)";
				INFOPLIST_FILE = "纯UILabel实现文字的竖排显示2Tests/Info.plist";
				LD_RUNPATH_SEARCH_PATHS = "$(inherited) @executable_path/Frameworks @loader_path/Frameworks";
				PRODUCT_BUNDLE_IDENTIFIER = "com.Lidalu.-UILabel---------2Tests";
				PRODUCT_NAME = "$(TARGET_NAME)";
				TEST_HOST = "$(BUILT_PRODUCTS_DIR)/纯UILabel实现文字的竖排显示2.app/纯UILabel实现文字的竖排显示2";
			};
			name = Release;
		};
		046DD3851C4E2FF90083A375 /* Debug */ = {
			isa = XCBuildConfiguration;
			buildSettings = {
				INFOPLIST_FILE = "纯UILabel实现文字的竖排显示2UITests/Info.plist";
				LD_RUNPATH_SEARCH_PATHS = "$(inherited) @executable_path/Frameworks @loader_path/Frameworks";
				PRODUCT_BUNDLE_IDENTIFIER = "com.Lidalu.-UILabel---------2UITests";
				PRODUCT_NAME = "$(TARGET_NAME)";
				TEST_TARGET_NAME = "纯UILabel实现文字的竖排显示2";
				USES_XCTRUNNER = YES;
			};
			name = Debug;
		};
		046DD3861C4E2FF90083A375 /* Release */ = {
			isa = XCBuildConfiguration;
			buildSettings = {
				INFOPLIST_FILE = "纯UILabel实现文字的竖排显示2UITests/Info.plist";
				LD_RUNPATH_SEARCH_PATHS = "$(inherited) @executable_path/Frameworks @loader_path/Frameworks";
				PRODUCT_BUNDLE_IDENTIFIER = "com.Lidalu.-UILabel---------2UITests";
				PRODUCT_NAME = "$(TARGET_NAME)";
				TEST_TARGET_NAME = "纯UILabel实现文字的竖排显示2";
				USES_XCTRUNNER = YES;
			};
			name = Release;
		};
/* End XCBuildConfiguration section */

/* Begin XCConfigurationList section */
		046DD34C1C4E2FF80083A375 /* Build configuration list for PBXProject "纯UILabel实现文字的竖排显示2" */ = {
			isa = XCConfigurationList;
			buildConfigurations = (
				046DD37C1C4E2FF90083A375 /* Debug */,
				046DD37D1C4E2FF90083A375 /* Release */,
			);
			defaultConfigurationIsVisible = 0;
			defaultConfigurationName = Release;
		};
		046DD37E1C4E2FF90083A375 /* Build configuration list for PBXNativeTarget "纯UILabel实现文字的竖排显示2" */ = {
			isa = XCConfigurationList;
			buildConfigurations = (
				046DD37F1C4E2FF90083A375 /* Debug */,
				046DD3801C4E2FF90083A375 /* Release */,
			);
			defaultConfigurationIsVisible = 0;
		};
		046DD3811C4E2FF90083A375 /* Build configuration list for PBXNativeTarget "纯UILabel实现文字的竖排显示2Tests" */ = {
			isa = XCConfigurationList;
			buildConfigurations = (
				046DD3821C4E2FF90083A375 /* Debug */,
				046DD3831C4E2FF90083A375 /* Release */,
			);
			defaultConfigurationIsVisible = 0;
		};
		046DD3841C4E2FF90083A375 /* Build configuration list for PBXNativeTarget "纯UILabel实现文字的竖排显示2UITests" */ = {
			isa = XCConfigurationList;
			buildConfigurations = (
				046DD3851C4E2FF90083A375 /* Debug */,
				046DD3861C4E2FF90083A375 /* Release */,
			);
			defaultConfigurationIsVisible = 0;
		};
/* End XCConfigurationList section */
	};
	rootObject = 046DD3491C4E2FF80083A375 /* Project object */;
}
